
Microsoft Visual Studio Solution File, Format Version 12.00
# Visual Studio Version 16
VisualStudioVersion = 16.0.33927.289
MinimumVisualStudioVersion = 10.0.40219.1
Project("{2150E333-8FDC-42A3-9474-1A3956D46DE8}") = "Task0", "Task0", "{4D1A7677-7E08-4A46-8E30-18A247DC7EA0}"
EndProject
Project("{FAE04EC0-301F-11D3-BF4B-00C04F79EFBC}") = "Tyuiu.IlyinME.Sprint6.Task0.V14.Lib", "Tyuiu.IlyinME.Sprint6.Task0.V14.Lib\Tyuiu.IlyinME.Sprint6.Task0.V14.Lib.csproj", "{5CB4AC1F-4E6E-4C45-89CF-1A3A13D8BA6B}"
EndProject
Project("{FAE04EC0-301F-11D3-BF4B-00C04F79EFBC}") = "Tyuiu.IlyinME.Sprint6.Task0.V14.Test", "Tyuiu.IlyinME.Sprint6.Task0.V14.Test\Tyuiu.IlyinME.Sprint6.Task0.V14.Test.csproj", "{8F57CA3E-113C-416A-810E-C42D11C3C35E}"
EndProject
Project("{FAE04EC0-301F-11D3-BF4B-00C04F79EFBC}") = "Tyuiu.IlyinME.Sprint6.Task0.V14", "Tyuiu.IlyinME.Sprint6.Task0.V14\Tyuiu.IlyinME.Sprint6.Task0.V14.csproj", "{49DE578F-59C9-4281-82C0-D43FE0E098D2}"
EndProject
Project("{2150E333-8FDC-42A3-9474-1A3956D46DE8}") = "Task1", "Task1", "{CD50DC9F-47B0-4E11-8605-EE0F46B9DEFA}"
EndProject
Project("{FAE04EC0-301F-11D3-BF4B-00C04F79EFBC}") = "Tyuiu.IlyinME.Sprint6.Task1.V14.Lib", "Tyuiu.IlyinME.Sprint6.Task1.V14.Lib\Tyuiu.IlyinME.Sprint6.Task1.V14.Lib.csproj", "{A0D89C7D-4940-4856-AF28-87570B65DBA4}"
EndProject
Project("{FAE04EC0-301F-11D3-BF4B-00C04F79EFBC}") = "Tyuiu.IlyinME.Sprint6.Task1.V14.Test", "Tyuiu.IlyinME.Sprint6.Task1.V14.Test\Tyuiu.IlyinME.Sprint6.Task1.V14.Test.csproj", "{6449D792-FCD2-4F19-9885-A7D3BFDE9857}"
EndProject
Project("{FAE04EC0-301F-11D3-BF4B-00C04F79EFBC}") = "Tyuiu.IlyinME.Sprint6.Task1.V14", "Tyuiu.IlyinME.Sprint6.Task1.V14\Tyuiu.IlyinME.Sprint6.Task1.V14.csproj", "{DB4E05B3-B9B4-4754-BA51-CEAFF630F24C}"
EndProject
Project("{2150E333-8FDC-42A3-9474-1A3956D46DE8}") = "Task2", "Task2", "{23D31C4C-5797-46EE-B641-FD32AFD7A9C7}"
EndProject
Project("{FAE04EC0-301F-11D3-BF4B-00C04F79EFBC}") = "Tyuiu.IlyinME.Sprint6.Task2.V16", "Tyuiu.IlyinME.Sprint6.Task2.V16\Tyuiu.IlyinME.Sprint6.Task2.V16.csproj", "{705AADDC-9962-42F8-80D2-7069A671BCF0}"
EndProject
Project("{FAE04EC0-301F-11D3-BF4B-00C04F79EFBC}") = "Tyuiu.IlyinME.Sprint6.Task2.V16.Lib", "Tyuiu.IlyinME.Sprint6.Task2.V16.Lib\Tyuiu.IlyinME.Sprint6.Task2.V16.Lib.csproj", "{A963DB49-8F9F-4840-B48B-338C667CFED6}"
EndProject
Project("{FAE04EC0-301F-11D3-BF4B-00C04F79EFBC}") = "Tyuiu.IlyinME.Sprint6.Task2.V16.Test", "Tyuiu.IlyinME.Sprint6.Task2.V16.Test\Tyuiu.IlyinME.Sprint6.Task2.V16.Test.csproj", "{E5AF89C1-7C64-4F8C-AA8A-D09F23A67844}"
EndProject
Project("{2150E333-8FDC-42A3-9474-1A3956D46DE8}") = "Task3", "Task3", "{7BB8CCF4-EFB0-455B-95D8-0D1403A51ACF}"
EndProject
Project("{FAE04EC0-301F-11D3-BF4B-00C04F79EFBC}") = "Tyuiu.IlyinME.Sprint6.Task3.V16", "Tyuiu.IlyinME.Sprint6.Task3.V16\Tyuiu.IlyinME.Sprint6.Task3.V16.csproj", "{446BE3EC-2A4F-4450-9F86-30D59FFFA60C}"
EndProject
Project("{FAE04EC0-301F-11D3-BF4B-00C04F79EFBC}") = "Tyuiu.IlyinME.Sprint6.Task3.V16.Lib", "Tyuiu.IlyinME.Sprint6.Task3.V16.Lib\Tyuiu.IlyinME.Sprint6.Task3.V16.Lib.csproj", "{CA630AC2-15A1-41A7-99D6-A9358C955B23}"
EndProject
Project("{FAE04EC0-301F-11D3-BF4B-00C04F79EFBC}") = "Tyuiu.IlyinME.Sprint6.Task3.V16.Test", "Tyuiu.IlyinME.Sprint6.Task3.V16.Test\Tyuiu.IlyinME.Sprint6.Task3.V16.Test.csproj", "{5485E9DC-3CB0-4E66-B3AF-F962EDACCBB5}"
EndProject
Project("{2150E333-8FDC-42A3-9474-1A3956D46DE8}") = "Task4", "Task4", "{C13D32CC-1B82-4328-9FDE-5E2EEE770DCF}"
EndProject
Project("{FAE04EC0-301F-11D3-BF4B-00C04F79EFBC}") = "Tyuiu.IlyinME.Sprint6.Task4.V9", "Tyuiu.IlyinME.Sprint6.Task4.V9\Tyuiu.IlyinME.Sprint6.Task4.V9.csproj", "{2EB6EAB5-153F-4A2F-8AFC-23450275F329}"
EndProject
Project("{FAE04EC0-301F-11D3-BF4B-00C04F79EFBC}") = "Tyuiu.IlyinME.Sprint6.Task4.V9.Lib", "Tyuiu.IlyinME.Sprint6.Task4.V9.Lib\Tyuiu.IlyinME.Sprint6.Task4.V9.Lib.csproj", "{C25759AA-5534-465F-8A13-5381D68A6F8F}"
EndProject
Project("{FAE04EC0-301F-11D3-BF4B-00C04F79EFBC}") = "Tyuiu.IlyinME.Sprint6.Task4.V9.Test", "Tyuiu.IlyinME.Sprint6.Task4.V9.Test\Tyuiu.IlyinME.Sprint6.Task4.V9.Test.csproj", "{0C5A1E43-3F03-437F-A998-0D717E644FE5}"
EndProject
Project("{2150E333-8FDC-42A3-9474-1A3956D46DE8}") = "Task5", "Task5", "{CC17A1A5-97F3-401A-B410-A96B429952A5}"
EndProject
Project("{FAE04EC0-301F-11D3-BF4B-00C04F79EFBC}") = "Tyuiu.IlyinME.Sprint6.Task5.V12", "Tyuiu.IlyinME.Sprint6.Task5.V12\Tyuiu.IlyinME.Sprint6.Task5.V12.csproj", "{B65AF1D5-9623-4D7C-915C-A3FA5678CC99}"
EndProject
Project("{FAE04EC0-301F-11D3-BF4B-00C04F79EFBC}") = "Tyuiu.IlyinME.Sprint6.Task5.V12.Lib", "Tyuiu.IlyinME.Sprint6.Task5.V12.Lib\Tyuiu.IlyinME.Sprint6.Task5.V12.Lib.csproj", "{04D3529E-2C0A-42A2-8F9F-761E792ECBA4}"
EndProject
Project("{FAE04EC0-301F-11D3-BF4B-00C04F79EFBC}") = "Tyuiu.IlyinME.Sprint6.Task5.V12.Test", "Tyuiu.IlyinME.Sprint6.Task5.V12.Test\Tyuiu.IlyinME.Sprint6.Task5.V12.Test.csproj", "{ED18EF03-323E-4BD9-975E-2EE30F38F1C7}"
EndProject
Project("{2150E333-8FDC-42A3-9474-1A3956D46DE8}") = "Task6", "Task6", "{C7A709E0-CC99-4380-AA48-55A831279B1D}"
EndProject
Project("{FAE04EC0-301F-11D3-BF4B-00C04F79EFBC}") = "Tyuiu.IlyinME.Sprint6.Task6.V21", "Tyuiu.IlyinME.Sprint6.Task6.V21\Tyuiu.IlyinME.Sprint6.Task6.V21.csproj", "{54111AC3-C508-43EB-AE5B-FABCE6C6B61E}"
EndProject
Project("{FAE04EC0-301F-11D3-BF4B-00C04F79EFBC}") = "Tyuiu.IlyinME.Sprint6.Task6.V21.Lib", "Tyuiu.IlyinME.Sprint6.Task6.V21.Lib\Tyuiu.IlyinME.Sprint6.Task6.V21.Lib.csproj", "{C17E8389-2DAD-433E-8326-58513BBEAC0B}"
EndProject
Project("{FAE04EC0-301F-11D3-BF4B-00C04F79EFBC}") = "Tyuiu.IlyinME.Sprint6.Task6.V21.Test", "Tyuiu.IlyinME.Sprint6.Task6.V21.Test\Tyuiu.IlyinME.Sprint6.Task6.V21.Test.csproj", "{782DBA9C-0948-4B40-8588-D907EAA764C6}"
EndProject
Global
	GlobalSection(SolutionConfigurationPlatforms) = preSolution
		Debug|Any CPU = Debug|Any CPU
		Release|Any CPU = Release|Any CPU
	EndGlobalSection
	GlobalSection(ProjectConfigurationPlatforms) = postSolution
		{5CB4AC1F-4E6E-4C45-89CF-1A3A13D8BA6B}.Debug|Any CPU.ActiveCfg = Debug|Any CPU
		{5CB4AC1F-4E6E-4C45-89CF-1A3A13D8BA6B}.Debug|Any CPU.Build.0 = Debug|Any CPU
		{5CB4AC1F-4E6E-4C45-89CF-1A3A13D8BA6B}.Release|Any CPU.ActiveCfg = Release|Any CPU
		{5CB4AC1F-4E6E-4C45-89CF-1A3A13D8BA6B}.Release|Any CPU.Build.0 = Release|Any CPU
		{8F57CA3E-113C-416A-810E-C42D11C3C35E}.Debug|Any CPU.ActiveCfg = Debug|Any CPU
		{8F57CA3E-113C-416A-810E-C42D11C3C35E}.Debug|Any CPU.Build.0 = Debug|Any CPU
		{8F57CA3E-113C-416A-810E-C42D11C3C35E}.Release|Any CPU.ActiveCfg = Release|Any CPU
		{8F57CA3E-113C-416A-810E-C42D11C3C35E}.Release|Any CPU.Build.0 = Release|Any CPU
		{49DE578F-59C9-4281-82C0-D43FE0E098D2}.Debug|Any CPU.ActiveCfg = Debug|Any CPU
		{49DE578F-59C9-4281-82C0-D43FE0E098D2}.Debug|Any CPU.Build.0 = Debug|Any CPU
		{49DE578F-59C9-4281-82C0-D43FE0E098D2}.Release|Any CPU.ActiveCfg = Release|Any CPU
		{49DE578F-59C9-4281-82C0-D43FE0E098D2}.Release|Any CPU.Build.0 = Release|Any CPU
		{A0D89C7D-4940-4856-AF28-87570B65DBA4}.Debug|Any CPU.ActiveCfg = Debug|Any CPU
		{A0D89C7D-4940-4856-AF28-87570B65DBA4}.Debug|Any CPU.Build.0 = Debug|Any CPU
		{A0D89C7D-4940-4856-AF28-87570B65DBA4}.Release|Any CPU.ActiveCfg = Release|Any CPU
		{A0D89C7D-4940-4856-AF28-87570B65DBA4}.Release|Any CPU.Build.0 = Release|Any CPU
		{6449D792-FCD2-4F19-9885-A7D3BFDE9857}.Debug|Any CPU.ActiveCfg = Debug|Any CPU
		{6449D792-FCD2-4F19-9885-A7D3BFDE9857}.Debug|Any CPU.Build.0 = Debug|Any CPU
		{6449D792-FCD2-4F19-9885-A7D3BFDE9857}.Release|Any CPU.ActiveCfg = Release|Any CPU
		{6449D792-FCD2-4F19-9885-A7D3BFDE9857}.Release|Any CPU.Build.0 = Release|Any CPU
		{DB4E05B3-B9B4-4754-BA51-CEAFF630F24C}.Debug|Any CPU.ActiveCfg = Debug|Any CPU
		{DB4E05B3-B9B4-4754-BA51-CEAFF630F24C}.Debug|Any CPU.Build.0 = Debug|Any CPU
		{DB4E05B3-B9B4-4754-BA51-CEAFF630F24C}.Release|Any CPU.ActiveCfg = Release|Any CPU
		{DB4E05B3-B9B4-4754-BA51-CEAFF630F24C}.Release|Any CPU.Build.0 = Release|Any CPU
		{705AADDC-9962-42F8-80D2-7069A671BCF0}.Debug|Any CPU.ActiveCfg = Debug|Any CPU
		{705AADDC-9962-42F8-80D2-7069A671BCF0}.Debug|Any CPU.Build.0 = Debug|Any CPU
		{705AADDC-9962-42F8-80D2-7069A671BCF0}.Release|Any CPU.ActiveCfg = Release|Any CPU
		{705AADDC-9962-42F8-80D2-7069A671BCF0}.Release|Any CPU.Build.0 = Release|Any CPU
		{A963DB49-8F9F-4840-B48B-338C667CFED6}.Debug|Any CPU.ActiveCfg = Debug|Any CPU
		{A963DB49-8F9F-4840-B48B-338C667CFED6}.Debug|Any CPU.Build.0 = Debug|Any CPU
		{A963DB49-8F9F-4840-B48B-338C667CFED6}.Release|Any CPU.ActiveCfg = Release|Any CPU
		{A963DB49-8F9F-4840-B48B-338C667CFED6}.Release|Any CPU.Build.0 = Release|Any CPU
		{E5AF89C1-7C64-4F8C-AA8A-D09F23A67844}.Debug|Any CPU.ActiveCfg = Debug|Any CPU
		{E5AF89C1-7C64-4F8C-AA8A-D09F23A67844}.Debug|Any CPU.Build.0 = Debug|Any CPU
		{E5AF89C1-7C64-4F8C-AA8A-D09F23A67844}.Release|Any CPU.ActiveCfg = Release|Any CPU
		{E5AF89C1-7C64-4F8C-AA8A-D09F23A67844}.Release|Any CPU.Build.0 = Release|Any CPU
		{446BE3EC-2A4F-4450-9F86-30D59FFFA60C}.Debug|Any CPU.ActiveCfg = Debug|Any CPU
		{446BE3EC-2A4F-4450-9F86-30D59FFFA60C}.Debug|Any CPU.Build.0 = Debug|Any CPU
		{446BE3EC-2A4F-4450-9F86-30D59FFFA60C}.Release|Any CPU.ActiveCfg = Release|Any CPU
		{446BE3EC-2A4F-4450-9F86-30D59FFFA60C}.Release|Any CPU.Build.0 = Release|Any CPU
		{CA630AC2-15A1-41A7-99D6-A9358C955B23}.Debug|Any CPU.ActiveCfg = Debug|Any CPU
		{CA630AC2-15A1-41A7-99D6-A9358C955B23}.Debug|Any CPU.Build.0 = Debug|Any CPU
		{CA630AC2-15A1-41A7-99D6-A9358C955B23}.Release|Any CPU.ActiveCfg = Release|Any CPU
		{CA630AC2-15A1-41A7-99D6-A9358C955B23}.Release|Any CPU.Build.0 = Release|Any CPU
		{5485E9DC-3CB0-4E66-B3AF-F962EDACCBB5}.Debug|Any CPU.ActiveCfg = Debug|Any CPU
		{5485E9DC-3CB0-4E66-B3AF-F962EDACCBB5}.Debug|Any CPU.Build.0 = Debug|Any CPU
		{5485E9DC-3CB0-4E66-B3AF-F962EDACCBB5}.Release|Any CPU.ActiveCfg = Release|Any CPU
		{5485E9DC-3CB0-4E66-B3AF-F962EDACCBB5}.Release|Any CPU.Build.0 = Release|Any CPU
		{2EB6EAB5-153F-4A2F-8AFC-23450275F329}.Debug|Any CPU.ActiveCfg = Debug|Any CPU
		{2EB6EAB5-153F-4A2F-8AFC-23450275F329}.Debug|Any CPU.Build.0 = Debug|Any CPU
		{2EB6EAB5-153F-4A2F-8AFC-23450275F329}.Release|Any CPU.ActiveCfg = Release|Any CPU
		{2EB6EAB5-153F-4A2F-8AFC-23450275F329}.Release|Any CPU.Build.0 = Release|Any CPU
		{C25759AA-5534-465F-8A13-5381D68A6F8F}.Debug|Any CPU.ActiveCfg = Debug|Any CPU
		{C25759AA-5534-465F-8A13-5381D68A6F8F}.Debug|Any CPU.Build.0 = Debug|Any CPU
		{C25759AA-5534-465F-8A13-5381D68A6F8F}.Release|Any CPU.ActiveCfg = Release|Any CPU
		{C25759AA-5534-465F-8A13-5381D68A6F8F}.Release|Any CPU.Build.0 = Release|Any CPU
		{0C5A1E43-3F03-437F-A998-0D717E644FE5}.Debug|Any CPU.ActiveCfg = Debug|Any CPU
		{0C5A1E43-3F03-437F-A998-0D717E644FE5}.Debug|Any CPU.Build.0 = Debug|Any CPU
		{0C5A1E43-3F03-437F-A998-0D717E644FE5}.Release|Any CPU.ActiveCfg = Release|Any CPU
		{0C5A1E43-3F03-437F-A998-0D717E644FE5}.Release|Any CPU.Build.0 = Release|Any CPU
		{B65AF1D5-9623-4D7C-915C-A3FA5678CC99}.Debug|Any CPU.ActiveCfg = Debug|Any CPU
		{B65AF1D5-9623-4D7C-915C-A3FA5678CC99}.Debug|Any CPU.Build.0 = Debug|Any CPU
		{B65AF1D5-9623-4D7C-915C-A3FA5678CC99}.Release|Any CPU.ActiveCfg = Release|Any CPU
		{B65AF1D5-9623-4D7C-915C-A3FA5678CC99}.Release|Any CPU.Build.0 = Release|Any CPU
		{04D3529E-2C0A-42A2-8F9F-761E792ECBA4}.Debug|Any CPU.ActiveCfg = Debug|Any CPU
		{04D3529E-2C0A-42A2-8F9F-761E792ECBA4}.Debug|Any CPU.Build.0 = Debug|Any CPU
		{04D3529E-2C0A-42A2-8F9F-761E792ECBA4}.Release|Any CPU.ActiveCfg = Release|Any CPU
		{04D3529E-2C0A-42A2-8F9F-761E792ECBA4}.Release|Any CPU.Build.0 = Release|Any CPU
		{ED18EF03-323E-4BD9-975E-2EE30F38F1C7}.Debug|Any CPU.ActiveCfg = Debug|Any CPU
		{ED18EF03-323E-4BD9-975E-2EE30F38F1C7}.Debug|Any CPU.Build.0 = Debug|Any CPU
		{ED18EF03-323E-4BD9-975E-2EE30F38F1C7}.Release|Any CPU.ActiveCfg = Release|Any CPU
		{ED18EF03-323E-4BD9-975E-2EE30F38F1C7}.Release|Any CPU.Build.0 = Release|Any CPU
		{54111AC3-C508-43EB-AE5B-FABCE6C6B61E}.Debug|Any CPU.ActiveCfg = Debug|Any CPU
		{54111AC3-C508-43EB-AE5B-FABCE6C6B61E}.Debug|Any CPU.Build.0 = Debug|Any CPU
		{54111AC3-C508-43EB-AE5B-FABCE6C6B61E}.Release|Any CPU.ActiveCfg = Release|Any CPU
		{54111AC3-C508-43EB-AE5B-FABCE6C6B61E}.Release|Any CPU.Build.0 = Release|Any CPU
		{C17E8389-2DAD-433E-8326-58513BBEAC0B}.Debug|Any CPU.ActiveCfg = Debug|Any CPU
		{C17E8389-2DAD-433E-8326-58513BBEAC0B}.Debug|Any CPU.Build.0 = Debug|Any CPU
		{C17E8389-2DAD-433E-8326-58513BBEAC0B}.Release|Any CPU.ActiveCfg = Release|Any CPU
		{C17E8389-2DAD-433E-8326-58513BBEAC0B}.Release|Any CPU.Build.0 = Release|Any CPU
		{782DBA9C-0948-4B40-8588-D907EAA764C6}.Debug|Any CPU.ActiveCfg = Debug|Any CPU
		{782DBA9C-0948-4B40-8588-D907EAA764C6}.Debug|Any CPU.Build.0 = Debug|Any CPU
		{782DBA9C-0948-4B40-8588-D907EAA764C6}.Release|Any CPU.ActiveCfg = Release|Any CPU
		{782DBA9C-0948-4B40-8588-D907EAA764C6}.Release|Any CPU.Build.0 = Release|Any CPU
	EndGlobalSection
	GlobalSection(SolutionProperties) = preSolution
		HideSolutionNode = FALSE
	EndGlobalSection
	GlobalSection(NestedProjects) = preSolution
		{5CB4AC1F-4E6E-4C45-89CF-1A3A13D8BA6B} = {4D1A7677-7E08-4A46-8E30-18A247DC7EA0}
		{8F57CA3E-113C-416A-810E-C42D11C3C35E} = {4D1A7677-7E08-4A46-8E30-18A247DC7EA0}
		{49DE578F-59C9-4281-82C0-D43FE0E098D2} = {4D1A7677-7E08-4A46-8E30-18A247DC7EA0}
		{A0D89C7D-4940-4856-AF28-87570B65DBA4} = {CD50DC9F-47B0-4E11-8605-EE0F46B9DEFA}
		{6449D792-FCD2-4F19-9885-A7D3BFDE9857} = {CD50DC9F-47B0-4E11-8605-EE0F46B9DEFA}
		{DB4E05B3-B9B4-4754-BA51-CEAFF630F24C} = {CD50DC9F-47B0-4E11-8605-EE0F46B9DEFA}
		{705AADDC-9962-42F8-80D2-7069A671BCF0} = {23D31C4C-5797-46EE-B641-FD32AFD7A9C7}
		{A963DB49-8F9F-4840-B48B-338C667CFED6} = {23D31C4C-5797-46EE-B641-FD32AFD7A9C7}
		{E5AF89C1-7C64-4F8C-AA8A-D09F23A67844} = {23D31C4C-5797-46EE-B641-FD32AFD7A9C7}
		{446BE3EC-2A4F-4450-9F86-30D59FFFA60C} = {7BB8CCF4-EFB0-455B-95D8-0D1403A51ACF}
		{CA630AC2-15A1-41A7-99D6-A9358C955B23} = {7BB8CCF4-EFB0-455B-95D8-0D1403A51ACF}
		{5485E9DC-3CB0-4E66-B3AF-F962EDACCBB5} = {7BB8CCF4-EFB0-455B-95D8-0D1403A51ACF}
		{2EB6EAB5-153F-4A2F-8AFC-23450275F329} = {C13D32CC-1B82-4328-9FDE-5E2EEE770DCF}
		{C25759AA-5534-465F-8A13-5381D68A6F8F} = {C13D32CC-1B82-4328-9FDE-5E2EEE770DCF}
		{0C5A1E43-3F03-437F-A998-0D717E644FE5} = {C13D32CC-1B82-4328-9FDE-5E2EEE770DCF}
		{B65AF1D5-9623-4D7C-915C-A3FA5678CC99} = {CC17A1A5-97F3-401A-B410-A96B429952A5}
		{04D3529E-2C0A-42A2-8F9F-761E792ECBA4} = {CC17A1A5-97F3-401A-B410-A96B429952A5}
		{ED18EF03-323E-4BD9-975E-2EE30F38F1C7} = {CC17A1A5-97F3-401A-B410-A96B429952A5}
		{54111AC3-C508-43EB-AE5B-FABCE6C6B61E} = {C7A709E0-CC99-4380-AA48-55A831279B1D}
		{C17E8389-2DAD-433E-8326-58513BBEAC0B} = {C7A709E0-CC99-4380-AA48-55A831279B1D}
		{782DBA9C-0948-4B40-8588-D907EAA764C6} = {C7A709E0-CC99-4380-AA48-55A831279B1D}
	EndGlobalSection
	GlobalSection(ExtensibilityGlobals) = postSolution
		SolutionGuid = {80FE410F-0BD8-4B00-8BC4-AB92526BBA06}
	EndGlobalSection
EndGlobal
