
Microsoft Visual Studio Solution File, Format Version 12.00
# Visual Studio Version 16
VisualStudioVersion = 16.0.33927.289
MinimumVisualStudioVersion = 10.0.40219.1
Project("{2150E333-8FDC-42A3-9474-1A3956D46DE8}") = "Task0", "Task0", "{4D1A7677-7E08-4A46-8E30-18A247DC7EA0}"
EndProject
Project("{FAE04EC0-301F-11D3-BF4B-00C04F79EFBC}") = "Tyuiu.IlyinME.Sprint6.Task0.V14.Lib", "Tyuiu.IlyinME.Sprint6.Task0.V14.Lib\Tyuiu.IlyinME.Sprint6.Task0.V14.Lib.csproj", "{5CB4AC1F-4E6E-4C45-89CF-1A3A13D8BA6B}"
EndProject
Project("{FAE04EC0-301F-11D3-BF4B-00C04F79EFBC}") = "Tyuiu.IlyinME.Sprint6.Task0.V14.Test", "Tyuiu.IlyinME.Sprint6.Task0.V14.Test\Tyuiu.IlyinME.Sprint6.Task0.V14.Test.csproj", "{8F57CA3E-113C-416A-810E-C42D11C3C35E}"
EndProject
Project("{FAE04EC0-301F-11D3-BF4B-00C04F79EFBC}") = "Tyuiu.IlyinME.Sprint6.Task0.V14", "Tyuiu.IlyinME.Sprint6.Task0.V14\Tyuiu.IlyinME.Sprint6.Task0.V14.csproj", "{49DE578F-59C9-4281-82C0-D43FE0E098D2}"
EndProject
Project("{2150E333-8FDC-42A3-9474-1A3956D46DE8}") = "Task1", "Task1", "{CD50DC9F-47B0-4E11-8605-EE0F46B9DEFA}"
EndProject
Project("{FAE04EC0-301F-11D3-BF4B-00C04F79EFBC}") = "Tyuiu.IlyinME.Sprint6.Task1.V14.Lib", "Tyuiu.IlyinME.Sprint6.Task1.V14.Lib\Tyuiu.IlyinME.Sprint6.Task1.V14.Lib.csproj", "{A0D89C7D-4940-4856-AF28-87570B65DBA4}"
EndProject
Project("{FAE04EC0-301F-11D3-BF4B-00C04F79EFBC}") = "Tyuiu.IlyinME.Sprint6.Task1.V14.Test", "Tyuiu.IlyinME.Sprint6.Task1.V14.Test\Tyuiu.IlyinME.Sprint6.Task1.V14.Test.csproj", "{6449D792-FCD2-4F19-9885-A7D3BFDE9857}"
EndProject
Project("{FAE04EC0-301F-11D3-BF4B-00C04F79EFBC}") = "Tyuiu.IlyinME.Sprint6.Task1.V14", "Tyuiu.IlyinME.Sprint6.Task1.V14\Tyuiu.IlyinME.Sprint6.Task1.V14.csproj", "{DB4E05B3-B9B4-4754-BA51-CEAFF630F24C}"
EndProject
Project("{2150E333-8FDC-42A3-9474-1A3956D46DE8}") = "Task2", "Task2", "{23D31C4C-5797-46EE-B641-FD32AFD7A9C7}"
EndProject
Project("{FAE04EC0-301F-11D3-BF4B-00C04F79EFBC}") = "Tyuiu.IlyinME.Sprint6.Task2.V16", "Tyuiu.IlyinME.Sprint6.Task2.V16\Tyuiu.IlyinME.Sprint6.Task2.V16.csproj", "{705AADDC-9962-42F8-80D2-7069A671BCF0}"
EndProject
Project("{FAE04EC0-301F-11D3-BF4B-00C04F79EFBC}") = "Tyuiu.IlyinME.Sprint6.Task2.V16.Lib", "Tyuiu.IlyinME.Sprint6.Task2.V16.Lib\Tyuiu.IlyinME.Sprint6.Task2.V16.Lib.csproj", "{A963DB49-8F9F-4840-B48B-338C667CFED6}"
EndProject
Project("{FAE04EC0-301F-11D3-BF4B-00C04F79EFBC}") = "Tyuiu.IlyinME.Sprint6.Task2.V16.Test", "Tyuiu.IlyinME.Sprint6.Task2.V16.Test\Tyuiu.IlyinME.Sprint6.Task2.V16.Test.csproj", "{E5AF89C1-7C64-4F8C-AA8A-D09F23A67844}"
EndProject
Project("{2150E333-8FDC-42A3-9474-1A3956D46DE8}") = "Task3", "Task3", "{7BB8CCF4-EFB0-455B-95D8-0D1403A51ACF}"
EndProject
Project("{FAE04EC0-301F-11D3-BF4B-00C04F79EFBC}") = "Tyuiu.IlyinME.Sprint6.Task3.V16", "Tyuiu.IlyinME.Sprint6.Task3.V16\Tyuiu.IlyinME.Sprint6.Task3.V16.csproj", "{446BE3EC-2A4F-4450-9F86-30D59FFFA60C}"
EndProject
Project("{FAE04EC0-301F-11D3-BF4B-00C04F79EFBC}") = "Tyuiu.IlyinME.Sprint6.Task3.V16.Lib", "Tyuiu.IlyinME.Sprint6.Task3.V16.Lib\Tyuiu.IlyinME.Sprint6.Task3.V16.Lib.csproj", "{CA630AC2-15A1-41A7-99D6-A9358C955B23}"
EndProject
Project("{FAE04EC0-301F-11D3-BF4B-00C04F79EFBC}") = "Tyuiu.IlyinME.Sprint6.Task3.V16.Test", "Tyuiu.IlyinME.Sprint6.Task3.V16.Test\Tyuiu.IlyinME.Sprint6.Task3.V16.Test.csproj", "{5485E9DC-3CB0-4E66-B3AF-F962EDACCBB5}"
EndProject
Global
	GlobalSection(SolutionConfigurationPlatforms) = preSolution
		Debug|Any CPU = Debug|Any CPU
		Release|Any CPU = Release|Any CPU
	EndGlobalSection
	GlobalSection(ProjectConfigurationPlatforms) = postSolution
		{5CB4AC1F-4E6E-4C45-89CF-1A3A13D8BA6B}.Debug|Any CPU.ActiveCfg = Debug|Any CPU
		{5CB4AC1F-4E6E-4C45-89CF-1A3A13D8BA6B}.Debug|Any CPU.Build.0 = Debug|Any CPU
		{5CB4AC1F-4E6E-4C45-89CF-1A3A13D8BA6B}.Release|Any CPU.ActiveCfg = Release|Any CPU
		{5CB4AC1F-4E6E-4C45-89CF-1A3A13D8BA6B}.Release|Any CPU.Build.0 = Release|Any CPU
		{8F57CA3E-113C-416A-810E-C42D11C3C35E}.Debug|Any CPU.ActiveCfg = Debug|Any CPU
		{8F57CA3E-113C-416A-810E-C42D11C3C35E}.Debug|Any CPU.Build.0 = Debug|Any CPU
		{8F57CA3E-113C-416A-810E-C42D11C3C35E}.Release|Any CPU.ActiveCfg = Release|Any CPU
		{8F57CA3E-113C-416A-810E-C42D11C3C35E}.Release|Any CPU.Build.0 = Release|Any CPU
		{49DE578F-59C9-4281-82C0-D43FE0E098D2}.Debug|Any CPU.ActiveCfg = Debug|Any CPU
		{49DE578F-59C9-4281-82C0-D43FE0E098D2}.Debug|Any CPU.Build.0 = Debug|Any CPU
		{49DE578F-59C9-4281-82C0-D43FE0E098D2}.Release|Any CPU.ActiveCfg = Release|Any CPU
		{49DE578F-59C9-4281-82C0-D43FE0E098D2}.Release|Any CPU.Build.0 = Release|Any CPU
		{A0D89C7D-4940-4856-AF28-87570B65DBA4}.Debug|Any CPU.ActiveCfg = Debug|Any CPU
		{A0D89C7D-4940-4856-AF28-87570B65DBA4}.Debug|Any CPU.Build.0 = Debug|Any CPU
		{A0D89C7D-4940-4856-AF28-87570B65DBA4}.Release|Any CPU.ActiveCfg = Release|Any CPU
		{A0D89C7D-4940-4856-AF28-87570B65DBA4}.Release|Any CPU.Build.0 = Release|Any CPU
		{6449D792-FCD2-4F19-9885-A7D3BFDE9857}.Debug|Any CPU.ActiveCfg = Debug|Any CPU
		{6449D792-FCD2-4F19-9885-A7D3BFDE9857}.Debug|Any CPU.Build.0 = Debug|Any CPU
		{6449D792-FCD2-4F19-9885-A7D3BFDE9857}.Release|Any CPU.ActiveCfg = Release|Any CPU
		{6449D792-FCD2-4F19-9885-A7D3BFDE9857}.Release|Any CPU.Build.0 = Release|Any CPU
		{DB4E05B3-B9B4-4754-BA51-CEAFF630F24C}.Debug|Any CPU.ActiveCfg = Debug|Any CPU
		{DB4E05B3-B9B4-4754-BA51-CEAFF630F24C}.Debug|Any CPU.Build.0 = Debug|Any CPU
		{DB4E05B3-B9B4-4754-BA51-CEAFF630F24C}.Release|Any CPU.ActiveCfg = Release|Any CPU
		{DB4E05B3-B9B4-4754-BA51-CEAFF630F24C}.Release|Any CPU.Build.0 = Release|Any CPU
		{705AADDC-9962-42F8-80D2-7069A671BCF0}.Debug|Any CPU.ActiveCfg = Debug|Any CPU
		{705AADDC-9962-42F8-80D2-7069A671BCF0}.Debug|Any CPU.Build.0 = Debug|Any CPU
		{705AADDC-9962-42F8-80D2-7069A671BCF0}.Release|Any CPU.ActiveCfg = Release|Any CPU
		{705AADDC-9962-42F8-80D2-7069A671BCF0}.Release|Any CPU.Build.0 = Release|Any CPU
		{A963DB49-8F9F-4840-B48B-338C667CFED6}.Debug|Any CPU.ActiveCfg = Debug|Any CPU
		{A963DB49-8F9F-4840-B48B-338C667CFED6}.Debug|Any CPU.Build.0 = Debug|Any CPU
		{A963DB49-8F9F-4840-B48B-338C667CFED6}.Release|Any CPU.ActiveCfg = Release|Any CPU
		{A963DB49-8F9F-4840-B48B-338C667CFED6}.Release|Any CPU.Build.0 = Release|Any CPU
		{E5AF89C1-7C64-4F8C-AA8A-D09F23A67844}.Debug|Any CPU.ActiveCfg = Debug|Any CPU
		{E5AF89C1-7C64-4F8C-AA8A-D09F23A67844}.Debug|Any CPU.Build.0 = Debug|Any CPU
		{E5AF89C1-7C64-4F8C-AA8A-D09F23A67844}.Release|Any CPU.ActiveCfg = Release|Any CPU
		{E5AF89C1-7C64-4F8C-AA8A-D09F23A67844}.Release|Any CPU.Build.0 = Release|Any CPU
		{446BE3EC-2A4F-4450-9F86-30D59FFFA60C}.Debug|Any CPU.ActiveCfg = Debug|Any CPU
		{446BE3EC-2A4F-4450-9F86-30D59FFFA60C}.Debug|Any CPU.Build.0 = Debug|Any CPU
		{446BE3EC-2A4F-4450-9F86-30D59FFFA60C}.Release|Any CPU.ActiveCfg = Release|Any CPU
		{446BE3EC-2A4F-4450-9F86-30D59FFFA60C}.Release|Any CPU.Build.0 = Release|Any CPU
		{CA630AC2-15A1-41A7-99D6-A9358C955B23}.Debug|Any CPU.ActiveCfg = Debug|Any CPU
		{CA630AC2-15A1-41A7-99D6-A9358C955B23}.Debug|Any CPU.Build.0 = Debug|Any CPU
		{CA630AC2-15A1-41A7-99D6-A9358C955B23}.Release|Any CPU.ActiveCfg = Release|Any CPU
		{CA630AC2-15A1-41A7-99D6-A9358C955B23}.Release|Any CPU.Build.0 = Release|Any CPU
		{5485E9DC-3CB0-4E66-B3AF-F962EDACCBB5}.Debug|Any CPU.ActiveCfg = Debug|Any CPU
		{5485E9DC-3CB0-4E66-B3AF-F962EDACCBB5}.Debug|Any CPU.Build.0 = Debug|Any CPU
		{5485E9DC-3CB0-4E66-B3AF-F962EDACCBB5}.Release|Any CPU.ActiveCfg = Release|Any CPU
		{5485E9DC-3CB0-4E66-B3AF-F962EDACCBB5}.Release|Any CPU.Build.0 = Release|Any CPU
	EndGlobalSection
	GlobalSection(SolutionProperties) = preSolution
		HideSolutionNode = FALSE
	EndGlobalSection
	GlobalSection(NestedProjects) = preSolution
		{5CB4AC1F-4E6E-4C45-89CF-1A3A13D8BA6B} = {4D1A7677-7E08-4A46-8E30-18A247DC7EA0}
		{8F57CA3E-113C-416A-810E-C42D11C3C35E} = {4D1A7677-7E08-4A46-8E30-18A247DC7EA0}
		{49DE578F-59C9-4281-82C0-D43FE0E098D2} = {4D1A7677-7E08-4A46-8E30-18A247DC7EA0}
		{A0D89C7D-4940-4856-AF28-87570B65DBA4} = {CD50DC9F-47B0-4E11-8605-EE0F46B9DEFA}
		{6449D792-FCD2-4F19-9885-A7D3BFDE9857} = {CD50DC9F-47B0-4E11-8605-EE0F46B9DEFA}
		{DB4E05B3-B9B4-4754-BA51-CEAFF630F24C} = {CD50DC9F-47B0-4E11-8605-EE0F46B9DEFA}
		{705AADDC-9962-42F8-80D2-7069A671BCF0} = {23D31C4C-5797-46EE-B641-FD32AFD7A9C7}
		{A963DB49-8F9F-4840-B48B-338C667CFED6} = {23D31C4C-5797-46EE-B641-FD32AFD7A9C7}
		{E5AF89C1-7C64-4F8C-AA8A-D09F23A67844} = {23D31C4C-5797-46EE-B641-FD32AFD7A9C7}
		{446BE3EC-2A4F-4450-9F86-30D59FFFA60C} = {7BB8CCF4-EFB0-455B-95D8-0D1403A51ACF}
		{CA630AC2-15A1-41A7-99D6-A9358C955B23} = {7BB8CCF4-EFB0-455B-95D8-0D1403A51ACF}
		{5485E9DC-3CB0-4E66-B3AF-F962EDACCBB5} = {7BB8CCF4-EFB0-455B-95D8-0D1403A51ACF}
	EndGlobalSection
	GlobalSection(ExtensibilityGlobals) = postSolution
		SolutionGuid = {80FE410F-0BD8-4B00-8BC4-AB92526BBA06}
	EndGlobalSection
EndGlobal
